
Microsoft Visual Studio Solution File, Format Version 12.00
# Visual Studio 15
VisualStudioVersion = 15.0.26430.12
MinimumVisualStudioVersion = 10.0.40219.1
Project("{FAE04EC0-301F-11D3-BF4B-00C04F79EFBC}") = "Rios", "Rios\Rios.csproj", "{770FDA42-730F-4C88-8DAA-8E05183C481A}"
EndProject
Project("{FAE04EC0-301F-11D3-BF4B-00C04F79EFBC}") = "Intro", "Intro\Intro.csproj", "{2F866C45-1B10-4ED3-BCD2-0C70DDD0C99D}"
EndProject
Project("{FAE04EC0-301F-11D3-BF4B-00C04F79EFBC}") = "Pizzeria", "Pizzeria\Pizzeria.csproj", "{6B853B27-BDFA-4CAE-93C9-F595859213A0}"
EndProject
Global
	GlobalSection(SolutionConfigurationPlatforms) = preSolution
		Debug|Any CPU = Debug|Any CPU
		Release|Any CPU = Release|Any CPU
	EndGlobalSection
	GlobalSection(ProjectConfigurationPlatforms) = postSolution
		{770FDA42-730F-4C88-8DAA-8E05183C481A}.Debug|Any CPU.ActiveCfg = Debug|Any CPU
		{770FDA42-730F-4C88-8DAA-8E05183C481A}.Debug|Any CPU.Build.0 = Debug|Any CPU
		{770FDA42-730F-4C88-8DAA-8E05183C481A}.Release|Any CPU.ActiveCfg = Release|Any CPU
		{770FDA42-730F-4C88-8DAA-8E05183C481A}.Release|Any CPU.Build.0 = Release|Any CPU
		{2F866C45-1B10-4ED3-BCD2-0C70DDD0C99D}.Debug|Any CPU.ActiveCfg = Debug|Any CPU
		{2F866C45-1B10-4ED3-BCD2-0C70DDD0C99D}.Debug|Any CPU.Build.0 = Debug|Any CPU
		{2F866C45-1B10-4ED3-BCD2-0C70DDD0C99D}.Release|Any CPU.ActiveCfg = Release|Any CPU
		{2F866C45-1B10-4ED3-BCD2-0C70DDD0C99D}.Release|Any CPU.Build.0 = Release|Any CPU
		{6B853B27-BDFA-4CAE-93C9-F595859213A0}.Debug|Any CPU.ActiveCfg = Debug|Any CPU
		{6B853B27-BDFA-4CAE-93C9-F595859213A0}.Debug|Any CPU.Build.0 = Debug|Any CPU
		{6B853B27-BDFA-4CAE-93C9-F595859213A0}.Release|Any CPU.ActiveCfg = Release|Any CPU
		{6B853B27-BDFA-4CAE-93C9-F595859213A0}.Release|Any CPU.Build.0 = Release|Any CPU
	EndGlobalSection
	GlobalSection(SolutionProperties) = preSolution
		HideSolutionNode = FALSE
	EndGlobalSection
EndGlobal
